// !$*UTF8*$!
{
	archiveVersion = 1;
	classes = {
	};
	objectVersion = 46;
	objects = {

/* Begin PBXBuildFile section */
		3761F8341CA6A0A300731379 /* AppDelegate.swift in Sources */ = {isa = PBXBuildFile; fileRef = 3761F8331CA6A0A300731379 /* AppDelegate.swift */; };
		3761F8361CA6A0A300731379 /* ViewController.swift in Sources */ = {isa = PBXBuildFile; fileRef = 3761F8351CA6A0A300731379 /* ViewController.swift */; };
		3761F8391CA6A0A300731379 /* Main.storyboard in Resources */ = {isa = PBXBuildFile; fileRef = 3761F8371CA6A0A300731379 /* Main.storyboard */; };
		3761F83B1CA6A0A300731379 /* Assets.xcassets in Resources */ = {isa = PBXBuildFile; fileRef = 3761F83A1CA6A0A300731379 /* Assets.xcassets */; };
		3761F83E1CA6A0A300731379 /* LaunchScreen.storyboard in Resources */ = {isa = PBXBuildFile; fileRef = 3761F83C1CA6A0A300731379 /* LaunchScreen.storyboard */; };
		3761F8491CA6A0A300731379 /* favouritePlacesTests.swift in Sources */ = {isa = PBXBuildFile; fileRef = 3761F8481CA6A0A300731379 /* favouritePlacesTests.swift */; };
		3761F8541CA6A0A300731379 /* favouritePlacesUITests.swift in Sources */ = {isa = PBXBuildFile; fileRef = 3761F8531CA6A0A300731379 /* favouritePlacesUITests.swift */; };
/* End PBXBuildFile section */

/* Begin PBXContainerItemProxy section */
		3761F8451CA6A0A300731379 /* PBXContainerItemProxy */ = {
			isa = PBXContainerItemProxy;
			containerPortal = 3761F8281CA6A0A300731379 /* Project object */;
			proxyType = 1;
			remoteGlobalIDString = 3761F82F1CA6A0A300731379;
			remoteInfo = favouritePlaces;
		};
		3761F8501CA6A0A300731379 /* PBXContainerItemProxy */ = {
			isa = PBXContainerItemProxy;
			containerPortal = 3761F8281CA6A0A300731379 /* Project object */;
			proxyType = 1;
			remoteGlobalIDString = 3761F82F1CA6A0A300731379;
			remoteInfo = favouritePlaces;
		};
/* End PBXContainerItemProxy section */

/* Begin PBXFileReference section */
		3761F8301CA6A0A300731379 /* favouritePlaces.app */ = {isa = PBXFileReference; explicitFileType = wrapper.application; includeInIndex = 0; path = favouritePlaces.app; sourceTree = BUILT_PRODUCTS_DIR; };
		3761F8331CA6A0A300731379 /* AppDelegate.swift */ = {isa = PBXFileReference; lastKnownFileType = sourcecode.swift; path = AppDelegate.swift; sourceTree = "<group>"; };
		3761F8351CA6A0A300731379 /* ViewController.swift */ = {isa = PBXFileReference; lastKnownFileType = sourcecode.swift; path = ViewController.swift; sourceTree = "<group>"; };
		3761F8381CA6A0A300731379 /* Base */ = {isa = PBXFileReference; lastKnownFileType = file.storyboard; name = Base; path = Base.lproj/Main.storyboard; sourceTree = "<group>"; };
		3761F83A1CA6A0A300731379 /* Assets.xcassets */ = {isa = PBXFileReference; lastKnownFileType = folder.assetcatalog; path = Assets.xcassets; sourceTree = "<group>"; };
		3761F83D1CA6A0A300731379 /* Base */ = {isa = PBXFileReference; lastKnownFileType = file.storyboard; name = Base; path = Base.lproj/LaunchScreen.storyboard; sourceTree = "<group>"; };
		3761F83F1CA6A0A300731379 /* Info.plist */ = {isa = PBXFileReference; lastKnownFileType = text.plist.xml; path = Info.plist; sourceTree = "<group>"; };
		3761F8441CA6A0A300731379 /* favouritePlacesTests.xctest */ = {isa = PBXFileReference; explicitFileType = wrapper.cfbundle; includeInIndex = 0; path = favouritePlacesTests.xctest; sourceTree = BUILT_PRODUCTS_DIR; };
		3761F8481CA6A0A300731379 /* favouritePlacesTests.swift */ = {isa = PBXFileReference; lastKnownFileType = sourcecode.swift; path = favouritePlacesTests.swift; sourceTree = "<group>"; };
		3761F84A1CA6A0A300731379 /* Info.plist */ = {isa = PBXFileReference; lastKnownFileType = text.plist.xml; path = Info.plist; sourceTree = "<group>"; };
		3761F84F1CA6A0A300731379 /* favouritePlacesUITests.xctest */ = {isa = PBXFileReference; explicitFileType = wrapper.cfbundle; includeInIndex = 0; path = favouritePlacesUITests.xctest; sourceTree = BUILT_PRODUCTS_DIR; };
		3761F8531CA6A0A300731379 /* favouritePlacesUITests.swift */ = {isa = PBXFileReference; lastKnownFileType = sourcecode.swift; path = favouritePlacesUITests.swift; sourceTree = "<group>"; };
		3761F8551CA6A0A300731379 /* Info.plist */ = {isa = PBXFileReference; lastKnownFileType = text.plist.xml; path = Info.plist; sourceTree = "<group>"; };
/* End PBXFileReference section */

/* Begin PBXFrameworksBuildPhase section */
		3761F82D1CA6A0A300731379 /* Frameworks */ = {
			isa = PBXFrameworksBuildPhase;
			buildActionMask = 2147483647;
			files = (
			);
			runOnlyForDeploymentPostprocessing = 0;
		};
		3761F8411CA6A0A300731379 /* Frameworks */ = {
			isa = PBXFrameworksBuildPhase;
			buildActionMask = 2147483647;
			files = (
			);
			runOnlyForDeploymentPostprocessing = 0;
		};
		3761F84C1CA6A0A300731379 /* Frameworks */ = {
			isa = PBXFrameworksBuildPhase;
			buildActionMask = 2147483647;
			files = (
			);
			runOnlyForDeploymentPostprocessing = 0;
		};
/* End PBXFrameworksBuildPhase section */

/* Begin PBXGroup section */
		3761F8271CA6A0A300731379 = {
			isa = PBXGroup;
			children = (
				3761F8321CA6A0A300731379 /* favouritePlaces */,
				3761F8471CA6A0A300731379 /* favouritePlacesTests */,
				3761F8521CA6A0A300731379 /* favouritePlacesUITests */,
				3761F8311CA6A0A300731379 /* Products */,
			);
			sourceTree = "<group>";
		};
		3761F8311CA6A0A300731379 /* Products */ = {
			isa = PBXGroup;
			children = (
				3761F8301CA6A0A300731379 /* favouritePlaces.app */,
				3761F8441CA6A0A300731379 /* favouritePlacesTests.xctest */,
				3761F84F1CA6A0A300731379 /* favouritePlacesUITests.xctest */,
			);
			name = Products;
			sourceTree = "<group>";
		};
		3761F8321CA6A0A300731379 /* favouritePlaces */ = {
			isa = PBXGroup;
			children = (
				3761F8331CA6A0A300731379 /* AppDelegate.swift */,
				3761F8351CA6A0A300731379 /* ViewController.swift */,
				3761F8371CA6A0A300731379 /* Main.storyboard */,
				3761F83A1CA6A0A300731379 /* Assets.xcassets */,
				3761F83C1CA6A0A300731379 /* LaunchScreen.storyboard */,
				3761F83F1CA6A0A300731379 /* Info.plist */,
			);
			path = favouritePlaces;
			sourceTree = "<group>";
		};
		3761F8471CA6A0A300731379 /* favouritePlacesTests */ = {
			isa = PBXGroup;
			children = (
				3761F8481CA6A0A300731379 /* favouritePlacesTests.swift */,
				3761F84A1CA6A0A300731379 /* Info.plist */,
			);
			path = favouritePlacesTests;
			sourceTree = "<group>";
		};
		3761F8521CA6A0A300731379 /* favouritePlacesUITests */ = {
			isa = PBXGroup;
			children = (
				3761F8531CA6A0A300731379 /* favouritePlacesUITests.swift */,
				3761F8551CA6A0A300731379 /* Info.plist */,
			);
			path = favouritePlacesUITests;
			sourceTree = "<group>";
		};
/* End PBXGroup section */

/* Begin PBXNativeTarget section */
		3761F82F1CA6A0A300731379 /* favouritePlaces */ = {
			isa = PBXNativeTarget;
			buildConfigurationList = 3761F8581CA6A0A300731379 /* Build configuration list for PBXNativeTarget "favouritePlaces" */;
			buildPhases = (
				3761F82C1CA6A0A300731379 /* Sources */,
				3761F82D1CA6A0A300731379 /* Frameworks */,
				3761F82E1CA6A0A300731379 /* Resources */,
			);
			buildRules = (
			);
			dependencies = (
			);
			name = favouritePlaces;
			productName = favouritePlaces;
			productReference = 3761F8301CA6A0A300731379 /* favouritePlaces.app */;
			productType = "com.apple.product-type.application";
		};
		3761F8431CA6A0A300731379 /* favouritePlacesTests */ = {
			isa = PBXNativeTarget;
			buildConfigurationList = 3761F85B1CA6A0A300731379 /* Build configuration list for PBXNativeTarget "favouritePlacesTests" */;
			buildPhases = (
				3761F8401CA6A0A300731379 /* Sources */,
				3761F8411CA6A0A300731379 /* Frameworks */,
				3761F8421CA6A0A300731379 /* Resources */,
			);
			buildRules = (
			);
			dependencies = (
				3761F8461CA6A0A300731379 /* PBXTargetDependency */,
			);
			name = favouritePlacesTests;
			productName = favouritePlacesTests;
			productReference = 3761F8441CA6A0A300731379 /* favouritePlacesTests.xctest */;
			productType = "com.apple.product-type.bundle.unit-test";
		};
		3761F84E1CA6A0A300731379 /* favouritePlacesUITests */ = {
			isa = PBXNativeTarget;
			buildConfigurationList = 3761F85E1CA6A0A300731379 /* Build configuration list for PBXNativeTarget "favouritePlacesUITests" */;
			buildPhases = (
				3761F84B1CA6A0A300731379 /* Sources */,
				3761F84C1CA6A0A300731379 /* Frameworks */,
				3761F84D1CA6A0A300731379 /* Resources */,
			);
			buildRules = (
			);
			dependencies = (
				3761F8511CA6A0A300731379 /* PBXTargetDependency */,
			);
			name = favouritePlacesUITests;
			productName = favouritePlacesUITests;
			productReference = 3761F84F1CA6A0A300731379 /* favouritePlacesUITests.xctest */;
			productType = "com.apple.product-type.bundle.ui-testing";
		};
/* End PBXNativeTarget section */

/* Begin PBXProject section */
		3761F8281CA6A0A300731379 /* Project object */ = {
			isa = PBXProject;
			attributes = {
				LastSwiftUpdateCheck = 0730;
				LastUpgradeCheck = 0730;
				ORGANIZATIONNAME = "lucas fernández";
				TargetAttributes = {
					3761F82F1CA6A0A300731379 = {
						CreatedOnToolsVersion = 7.3;
					};
					3761F8431CA6A0A300731379 = {
						CreatedOnToolsVersion = 7.3;
						TestTargetID = 3761F82F1CA6A0A300731379;
					};
					3761F84E1CA6A0A300731379 = {
						CreatedOnToolsVersion = 7.3;
						TestTargetID = 3761F82F1CA6A0A300731379;
					};
				};
			};
			buildConfigurationList = 3761F82B1CA6A0A300731379 /* Build configuration list for PBXProject "favouritePlaces" */;
			compatibilityVersion = "Xcode 3.2";
			developmentRegion = English;
			hasScannedForEncodings = 0;
			knownRegions = (
				en,
				Base,
			);
			mainGroup = 3761F8271CA6A0A300731379;
			productRefGroup = 3761F8311CA6A0A300731379 /* Products */;
			projectDirPath = "";
			projectRoot = "";
			targets = (
				3761F82F1CA6A0A300731379 /* favouritePlaces */,
				3761F8431CA6A0A300731379 /* favouritePlacesTests */,
				3761F84E1CA6A0A300731379 /* favouritePlacesUITests */,
			);
		};
/* End PBXProject section */

/* Begin PBXResourcesBuildPhase section */
		3761F82E1CA6A0A300731379 /* Resources */ = {
			isa = PBXResourcesBuildPhase;
			buildActionMask = 2147483647;
			files = (
				3761F83E1CA6A0A300731379 /* LaunchScreen.storyboard in Resources */,
				3761F83B1CA6A0A300731379 /* Assets.xcassets in Resources */,
				3761F8391CA6A0A300731379 /* Main.storyboard in Resources */,
			);
			runOnlyForDeploymentPostprocessing = 0;
		};
		3761F8421CA6A0A300731379 /* Resources */ = {
			isa = PBXResourcesBuildPhase;
			buildActionMask = 2147483647;
			files = (
			);
			runOnlyForDeploymentPostprocessing = 0;
		};
		3761F84D1CA6A0A300731379 /* Resources */ = {
			isa = PBXResourcesBuildPhase;
			buildActionMask = 2147483647;
			files = (
			);
			runOnlyForDeploymentPostprocessing = 0;
		};
/* End PBXResourcesBuildPhase section */

/* Begin PBXSourcesBuildPhase section */
		3761F82C1CA6A0A300731379 /* Sources */ = {
			isa = PBXSourcesBuildPhase;
			buildActionMask = 2147483647;
			files = (
				3761F8361CA6A0A300731379 /* ViewController.swift in Sources */,
				3761F8341CA6A0A300731379 /* AppDelegate.swift in Sources */,
			);
			runOnlyForDeploymentPostprocessing = 0;
		};
		3761F8401CA6A0A300731379 /* Sources */ = {
			isa = PBXSourcesBuildPhase;
			buildActionMask = 2147483647;
			files = (
				3761F8491CA6A0A300731379 /* favouritePlacesTests.swift in Sources */,
			);
			runOnlyForDeploymentPostprocessing = 0;
		};
		3761F84B1CA6A0A300731379 /* Sources */ = {
			isa = PBXSourcesBuildPhase;
			buildActionMask = 2147483647;
			files = (
				3761F8541CA6A0A300731379 /* favouritePlacesUITests.swift in Sources */,
			);
			runOnlyForDeploymentPostprocessing = 0;
		};
/* End PBXSourcesBuildPhase section */

/* Begin PBXTargetDependency section */
		3761F8461CA6A0A300731379 /* PBXTargetDependency */ = {
			isa = PBXTargetDependency;
			target = 3761F82F1CA6A0A300731379 /* favouritePlaces */;
			targetProxy = 3761F8451CA6A0A300731379 /* PBXContainerItemProxy */;
		};
		3761F8511CA6A0A300731379 /* PBXTargetDependency */ = {
			isa = PBXTargetDependency;
			target = 3761F82F1CA6A0A300731379 /* favouritePlaces */;
			targetProxy = 3761F8501CA6A0A300731379 /* PBXContainerItemProxy */;
		};
/* End PBXTargetDependency section */

/* Begin PBXVariantGroup section */
		3761F8371CA6A0A300731379 /* Main.storyboard */ = {
			isa = PBXVariantGroup;
			children = (
				3761F8381CA6A0A300731379 /* Base */,
			);
			name = Main.storyboard;
			sourceTree = "<group>";
		};
		3761F83C1CA6A0A300731379 /* LaunchScreen.storyboard */ = {
			isa = PBXVariantGroup;
			children = (
				3761F83D1CA6A0A300731379 /* Base */,
			);
			name = LaunchScreen.storyboard;
			sourceTree = "<group>";
		};
/* End PBXVariantGroup section */

/* Begin XCBuildConfiguration section */
		3761F8561CA6A0A300731379 /* Debug */ = {
			isa = XCBuildConfiguration;
			buildSettings = {
				ALWAYS_SEARCH_USER_PATHS = NO;
				CLANG_ANALYZER_NONNULL = YES;
				CLANG_CXX_LANGUAGE_STANDARD = "gnu++0x";
				CLANG_CXX_LIBRARY = "libc++";
				CLANG_ENABLE_MODULES = YES;
				CLANG_ENABLE_OBJC_ARC = YES;
				CLANG_WARN_BOOL_CONVERSION = YES;
				CLANG_WARN_CONSTANT_CONVERSION = YES;
				CLANG_WARN_DIRECT_OBJC_ISA_USAGE = YES_ERROR;
				CLANG_WARN_EMPTY_BODY = YES;
				CLANG_WARN_ENUM_CONVERSION = YES;
				CLANG_WARN_INT_CONVERSION = YES;
				CLANG_WARN_OBJC_ROOT_CLASS = YES_ERROR;
				CLANG_WARN_UNREACHABLE_CODE = YES;
				CLANG_WARN__DUPLICATE_METHOD_MATCH = YES;
				"CODE_SIGN_IDENTITY[sdk=iphoneos*]" = "iPhone Developer";
				COPY_PHASE_STRIP = NO;
				DEBUG_INFORMATION_FORMAT = dwarf;
				ENABLE_STRICT_OBJC_MSGSEND = YES;
				ENABLE_TESTABILITY = YES;
				GCC_C_LANGUAGE_STANDARD = gnu99;
				GCC_DYNAMIC_NO_PIC = NO;
				GCC_NO_COMMON_BLOCKS = YES;
				GCC_OPTIMIZATION_LEVEL = 0;
				GCC_PREPROCESSOR_DEFINITIONS = (
					"DEBUG=1",
					"$(inherited)",
				);
				GCC_WARN_64_TO_32_BIT_CONVERSION = YES;
				GCC_WARN_ABOUT_RETURN_TYPE = YES_ERROR;
				GCC_WARN_UNDECLARED_SELECTOR = YES;
				GCC_WARN_UNINITIALIZED_AUTOS = YES_AGGRESSIVE;
				GCC_WARN_UNUSED_FUNCTION = YES;
				GCC_WARN_UNUSED_VARIABLE = YES;
				IPHONEOS_DEPLOYMENT_TARGET = 9.3;
				MTL_ENABLE_DEBUG_INFO = YES;
				ONLY_ACTIVE_ARCH = YES;
				SDKROOT = iphoneos;
				SWIFT_OPTIMIZATION_LEVEL = "-Onone";
				TARGETED_DEVICE_FAMILY = "1,2";
			};
			name = Debug;
		};
		3761F8571CA6A0A300731379 /* Release */ = {
			isa = XCBuildConfiguration;
			buildSettings = {
				ALWAYS_SEARCH_USER_PATHS = NO;
				CLANG_ANALYZER_NONNULL = YES;
				CLANG_CXX_LANGUAGE_STANDARD = "gnu++0x";
				CLANG_CXX_LIBRARY = "libc++";
				CLANG_ENABLE_MODULES = YES;
				CLANG_ENABLE_OBJC_ARC = YES;
				CLANG_WARN_BOOL_CONVERSION = YES;
				CLANG_WARN_CONSTANT_CONVERSION = YES;
				CLANG_WARN_DIRECT_OBJC_ISA_USAGE = YES_ERROR;
				CLANG_WARN_EMPTY_BODY = YES;
				CLANG_WARN_ENUM_CONVERSION = YES;
				CLANG_WARN_INT_CONVERSION = YES;
				CLANG_WARN_OBJC_ROOT_CLASS = YES_ERROR;
				CLANG_WARN_UNREACHABLE_CODE = YES;
				CLANG_WARN__DUPLICATE_METHOD_MATCH = YES;
				"CODE_SIGN_IDENTITY[sdk=iphoneos*]" = "iPhone Developer";
				COPY_PHASE_STRIP = NO;
				DEBUG_INFORMATION_FORMAT = "dwarf-with-dsym";
				ENABLE_NS_ASSERTIONS = NO;
				ENABLE_STRICT_OBJC_MSGSEND = YES;
				GCC_C_LANGUAGE_STANDARD = gnu99;
				GCC_NO_COMMON_BLOCKS = YES;
				GCC_WARN_64_TO_32_BIT_CONVERSION = YES;
				GCC_WARN_ABOUT_RETURN_TYPE = YES_ERROR;
				GCC_WARN_UNDECLARED_SELECTOR = YES;
				GCC_WARN_UNINITIALIZED_AUTOS = YES_AGGRESSIVE;
				GCC_WARN_UNUSED_FUNCTION = YES;
				GCC_WARN_UNUSED_VARIABLE = YES;
				IPHONEOS_DEPLOYMENT_TARGET = 9.3;
				MTL_ENABLE_DEBUG_INFO = NO;
				SDKROOT = iphoneos;
				TARGETED_DEVICE_FAMILY = "1,2";
				VALIDATE_PRODUCT = YES;
			};
			name = Release;
		};
		3761F8591CA6A0A300731379 /* Debug */ = {
			isa = XCBuildConfiguration;
			buildSettings = {
				ASSETCATALOG_COMPILER_APPICON_NAME = AppIcon;
				INFOPLIST_FILE = favouritePlaces/Info.plist;
				LD_RUNPATH_SEARCH_PATHS = "$(inherited) @executable_path/Frameworks";
				PRODUCT_BUNDLE_IDENTIFIER = com.lucasIndustries.favouritePlaces;
				PRODUCT_NAME = "$(TARGET_NAME)";
			};
			name = Debug;
		};
		3761F85A1CA6A0A300731379 /* Release */ = {
			isa = XCBuildConfiguration;
			buildSettings = {
				ASSETCATALOG_COMPILER_APPICON_NAME = AppIcon;
				INFOPLIST_FILE = favouritePlaces/Info.plist;
				LD_RUNPATH_SEARCH_PATHS = "$(inherited) @executable_path/Frameworks";
				PRODUCT_BUNDLE_IDENTIFIER = com.lucasIndustries.favouritePlaces;
				PRODUCT_NAME = "$(TARGET_NAME)";
			};
			name = Release;
		};
		3761F85C1CA6A0A300731379 /* Debug */ = {
			isa = XCBuildConfiguration;
			buildSettings = {
				BUNDLE_LOADER = "$(TEST_HOST)";
				INFOPLIST_FILE = favouritePlacesTests/Info.plist;
				LD_RUNPATH_SEARCH_PATHS = "$(inherited) @executable_path/Frameworks @loader_path/Frameworks";
				PRODUCT_BUNDLE_IDENTIFIER = com.lucasIndustries.favouritePlacesTests;
				PRODUCT_NAME = "$(TARGET_NAME)";
				TEST_HOST = "$(BUILT_PRODUCTS_DIR)/favouritePlaces.app/favouritePlaces";
			};
			name = Debug;
		};
		3761F85D1CA6A0A300731379 /* Release */ = {
			isa = XCBuildConfiguration;
			buildSettings = {
				BUNDLE_LOADER = "$(TEST_HOST)";
				INFOPLIST_FILE = favouritePlacesTests/Info.plist;
				LD_RUNPATH_SEARCH_PATHS = "$(inherited) @executable_path/Frameworks @loader_path/Frameworks";
				PRODUCT_BUNDLE_IDENTIFIER = com.lucasIndustries.favouritePlacesTests;
				PRODUCT_NAME = "$(TARGET_NAME)";
				TEST_HOST = "$(BUILT_PRODUCTS_DIR)/favouritePlaces.app/favouritePlaces";
			};
			name = Release;
		};
		3761F85F1CA6A0A300731379 /* Debug */ = {
			isa = XCBuildConfiguration;
			buildSettings = {
				INFOPLIST_FILE = favouritePlacesUITests/Info.plist;
				LD_RUNPATH_SEARCH_PATHS = "$(inherited) @executable_path/Frameworks @loader_path/Frameworks";
				PRODUCT_BUNDLE_IDENTIFIER = com.lucasIndustries.favouritePlacesUITests;
				PRODUCT_NAME = "$(TARGET_NAME)";
				TEST_TARGET_NAME = favouritePlaces;
			};
			name = Debug;
		};
		3761F8601CA6A0A300731379 /* Release */ = {
			isa = XCBuildConfiguration;
			buildSettings = {
				INFOPLIST_FILE = favouritePlacesUITests/Info.plist;
				LD_RUNPATH_SEARCH_PATHS = "$(inherited) @executable_path/Frameworks @loader_path/Frameworks";
				PRODUCT_BUNDLE_IDENTIFIER = com.lucasIndustries.favouritePlacesUITests;
				PRODUCT_NAME = "$(TARGET_NAME)";
				TEST_TARGET_NAME = favouritePlaces;
			};
			name = Release;
		};
/* End XCBuildConfiguration section */

/* Begin XCConfigurationList section */
		3761F82B1CA6A0A300731379 /* Build configuration list for PBXProject "favouritePlaces" */ = {
			isa = XCConfigurationList;
			buildConfigurations = (
				3761F8561CA6A0A300731379 /* Debug */,
				3761F8571CA6A0A300731379 /* Release */,
			);
			defaultConfigurationIsVisible = 0;
			defaultConfigurationName = Release;
		};
		3761F8581CA6A0A300731379 /* Build configuration list for PBXNativeTarget "favouritePlaces" */ = {
			isa = XCConfigurationList;
			buildConfigurations = (
				3761F8591CA6A0A300731379 /* Debug */,
				3761F85A1CA6A0A300731379 /* Release */,
			);
			defaultConfigurationIsVisible = 0;
		};
		3761F85B1CA6A0A300731379 /* Build configuration list for PBXNativeTarget "favouritePlacesTests" */ = {
			isa = XCConfigurationList;
			buildConfigurations = (
				3761F85C1CA6A0A300731379 /* Debug */,
				3761F85D1CA6A0A300731379 /* Release */,
			);
			defaultConfigurationIsVisible = 0;
		};
		3761F85E1CA6A0A300731379 /* Build configuration list for PBXNativeTarget "favouritePlacesUITests" */ = {
			isa = XCConfigurationList;
			buildConfigurations = (
				3761F85F1CA6A0A300731379 /* Debug */,
				3761F8601CA6A0A300731379 /* Release */,
			);
			defaultConfigurationIsVisible = 0;
		};
/* End XCConfigurationList section */
	};
	rootObject = 3761F8281CA6A0A300731379 /* Project object */;
}
